// !$*UTF8*$!
{
	archiveVersion = 1;
	classes = {
	};
	objectVersion = 46;
	objects = {

/* Begin PBXBuildFile section */
		520DD8AD1F4A0AD800FC8CEB /* AppDelegate.swift in Sources */ = {isa = PBXBuildFile; fileRef = 520DD8AC1F4A0AD800FC8CEB /* AppDelegate.swift */; };
		520DD8AF1F4A0AD800FC8CEB /* ViewController.swift in Sources */ = {isa = PBXBuildFile; fileRef = 520DD8AE1F4A0AD800FC8CEB /* ViewController.swift */; };
		520DD8B21F4A0AD800FC8CEB /* Main.storyboard in Resources */ = {isa = PBXBuildFile; fileRef = 520DD8B01F4A0AD800FC8CEB /* Main.storyboard */; };
		520DD8B41F4A0AD800FC8CEB /* Images.xcassets in Resources */ = {isa = PBXBuildFile; fileRef = 520DD8B31F4A0AD800FC8CEB /* Images.xcassets */; };
		520DD8B71F4A0AD900FC8CEB /* LaunchScreen.xib in Resources */ = {isa = PBXBuildFile; fileRef = 520DD8B51F4A0AD900FC8CEB /* LaunchScreen.xib */; };
		520DD8C31F4A0AD900FC8CEB /* vacationerTests.swift in Sources */ = {isa = PBXBuildFile; fileRef = 520DD8C21F4A0AD900FC8CEB /* vacationerTests.swift */; };
/* End PBXBuildFile section */

/* Begin PBXContainerItemProxy section */
		520DD8BD1F4A0AD900FC8CEB /* PBXContainerItemProxy */ = {
			isa = PBXContainerItemProxy;
			containerPortal = 520DD89F1F4A0AD800FC8CEB /* Project object */;
			proxyType = 1;
			remoteGlobalIDString = 520DD8A61F4A0AD800FC8CEB;
			remoteInfo = vacationer;
		};
/* End PBXContainerItemProxy section */

/* Begin PBXFileReference section */
		520DD8A71F4A0AD800FC8CEB /* vacationer.app */ = {isa = PBXFileReference; explicitFileType = wrapper.application; includeInIndex = 0; path = vacationer.app; sourceTree = BUILT_PRODUCTS_DIR; };
		520DD8AB1F4A0AD800FC8CEB /* Info.plist */ = {isa = PBXFileReference; lastKnownFileType = text.plist.xml; path = Info.plist; sourceTree = "<group>"; };
		520DD8AC1F4A0AD800FC8CEB /* AppDelegate.swift */ = {isa = PBXFileReference; lastKnownFileType = sourcecode.swift; path = AppDelegate.swift; sourceTree = "<group>"; };
		520DD8AE1F4A0AD800FC8CEB /* ViewController.swift */ = {isa = PBXFileReference; lastKnownFileType = sourcecode.swift; path = ViewController.swift; sourceTree = "<group>"; };
		520DD8B11F4A0AD800FC8CEB /* Base */ = {isa = PBXFileReference; lastKnownFileType = file.storyboard; name = Base; path = Base.lproj/Main.storyboard; sourceTree = "<group>"; };
		520DD8B31F4A0AD800FC8CEB /* Images.xcassets */ = {isa = PBXFileReference; lastKnownFileType = folder.assetcatalog; path = Images.xcassets; sourceTree = "<group>"; };
		520DD8B61F4A0AD900FC8CEB /* Base */ = {isa = PBXFileReference; lastKnownFileType = file.xib; name = Base; path = Base.lproj/LaunchScreen.xib; sourceTree = "<group>"; };
		520DD8BC1F4A0AD900FC8CEB /* vacationerTests.xctest */ = {isa = PBXFileReference; explicitFileType = wrapper.cfbundle; includeInIndex = 0; path = vacationerTests.xctest; sourceTree = BUILT_PRODUCTS_DIR; };
		520DD8C11F4A0AD900FC8CEB /* Info.plist */ = {isa = PBXFileReference; lastKnownFileType = text.plist.xml; path = Info.plist; sourceTree = "<group>"; };
		520DD8C21F4A0AD900FC8CEB /* vacationerTests.swift */ = {isa = PBXFileReference; lastKnownFileType = sourcecode.swift; path = vacationerTests.swift; sourceTree = "<group>"; };
/* End PBXFileReference section */

/* Begin PBXFrameworksBuildPhase section */
		520DD8A41F4A0AD800FC8CEB /* Frameworks */ = {
			isa = PBXFrameworksBuildPhase;
			buildActionMask = 2147483647;
			files = (
			);
			runOnlyForDeploymentPostprocessing = 0;
		};
		520DD8B91F4A0AD900FC8CEB /* Frameworks */ = {
			isa = PBXFrameworksBuildPhase;
			buildActionMask = 2147483647;
			files = (
			);
			runOnlyForDeploymentPostprocessing = 0;
		};
/* End PBXFrameworksBuildPhase section */

/* Begin PBXGroup section */
		520DD89E1F4A0AD800FC8CEB = {
			isa = PBXGroup;
			children = (
				520DD8A91F4A0AD800FC8CEB /* vacationer */,
				520DD8BF1F4A0AD900FC8CEB /* vacationerTests */,
				520DD8A81F4A0AD800FC8CEB /* Products */,
			);
			sourceTree = "<group>";
		};
		520DD8A81F4A0AD800FC8CEB /* Products */ = {
			isa = PBXGroup;
			children = (
				520DD8A71F4A0AD800FC8CEB /* vacationer.app */,
				520DD8BC1F4A0AD900FC8CEB /* vacationerTests.xctest */,
			);
			name = Products;
			sourceTree = "<group>";
		};
		520DD8A91F4A0AD800FC8CEB /* vacationer */ = {
			isa = PBXGroup;
			children = (
				520DD8AC1F4A0AD800FC8CEB /* AppDelegate.swift */,
				520DD8AE1F4A0AD800FC8CEB /* ViewController.swift */,
				520DD8B01F4A0AD800FC8CEB /* Main.storyboard */,
				520DD8B31F4A0AD800FC8CEB /* Images.xcassets */,
				520DD8B51F4A0AD900FC8CEB /* LaunchScreen.xib */,
				520DD8AA1F4A0AD800FC8CEB /* Supporting Files */,
			);
			path = vacationer;
			sourceTree = "<group>";
		};
		520DD8AA1F4A0AD800FC8CEB /* Supporting Files */ = {
			isa = PBXGroup;
			children = (
				520DD8AB1F4A0AD800FC8CEB /* Info.plist */,
			);
			name = "Supporting Files";
			sourceTree = "<group>";
		};
		520DD8BF1F4A0AD900FC8CEB /* vacationerTests */ = {
			isa = PBXGroup;
			children = (
				520DD8C21F4A0AD900FC8CEB /* vacationerTests.swift */,
				520DD8C01F4A0AD900FC8CEB /* Supporting Files */,
			);
			path = vacationerTests;
			sourceTree = "<group>";
		};
		520DD8C01F4A0AD900FC8CEB /* Supporting Files */ = {
			isa = PBXGroup;
			children = (
				520DD8C11F4A0AD900FC8CEB /* Info.plist */,
			);
			name = "Supporting Files";
			sourceTree = "<group>";
		};
/* End PBXGroup section */

/* Begin PBXNativeTarget section */
		520DD8A61F4A0AD800FC8CEB /* vacationer */ = {
			isa = PBXNativeTarget;
			buildConfigurationList = 520DD8C61F4A0AD900FC8CEB /* Build configuration list for PBXNativeTarget "vacationer" */;
			buildPhases = (
				520DD8A31F4A0AD800FC8CEB /* Sources */,
				520DD8A41F4A0AD800FC8CEB /* Frameworks */,
				520DD8A51F4A0AD800FC8CEB /* Resources */,
			);
			buildRules = (
			);
			dependencies = (
			);
			name = vacationer;
			productName = vacationer;
			productReference = 520DD8A71F4A0AD800FC8CEB /* vacationer.app */;
			productType = "com.apple.product-type.application";
		};
		520DD8BB1F4A0AD900FC8CEB /* vacationerTests */ = {
			isa = PBXNativeTarget;
			buildConfigurationList = 520DD8C91F4A0AD900FC8CEB /* Build configuration list for PBXNativeTarget "vacationerTests" */;
			buildPhases = (
				520DD8B81F4A0AD900FC8CEB /* Sources */,
				520DD8B91F4A0AD900FC8CEB /* Frameworks */,
				520DD8BA1F4A0AD900FC8CEB /* Resources */,
			);
			buildRules = (
			);
			dependencies = (
				520DD8BE1F4A0AD900FC8CEB /* PBXTargetDependency */,
			);
			name = vacationerTests;
			productName = vacationerTests;
			productReference = 520DD8BC1F4A0AD900FC8CEB /* vacationerTests.xctest */;
			productType = "com.apple.product-type.bundle.unit-test";
		};
/* End PBXNativeTarget section */

/* Begin PBXProject section */
		520DD89F1F4A0AD800FC8CEB /* Project object */ = {
			isa = PBXProject;
			attributes = {
				LastUpgradeCheck = 0640;
				ORGANIZATIONNAME = Travelers;
				TargetAttributes = {
					520DD8A61F4A0AD800FC8CEB = {
						CreatedOnToolsVersion = 6.4;
					};
					520DD8BB1F4A0AD900FC8CEB = {
						CreatedOnToolsVersion = 6.4;
						TestTargetID = 520DD8A61F4A0AD800FC8CEB;
					};
				};
			};
			buildConfigurationList = 520DD8A21F4A0AD800FC8CEB /* Build configuration list for PBXProject "vacationer" */;
			compatibilityVersion = "Xcode 3.2";
			developmentRegion = English;
			hasScannedForEncodings = 0;
			knownRegions = (
				en,
				Base,
			);
			mainGroup = 520DD89E1F4A0AD800FC8CEB;
			productRefGroup = 520DD8A81F4A0AD800FC8CEB /* Products */;
			projectDirPath = "";
			projectRoot = "";
			targets = (
				520DD8A61F4A0AD800FC8CEB /* vacationer */,
				520DD8BB1F4A0AD900FC8CEB /* vacationerTests */,
			);
		};
/* End PBXProject section */

/* Begin PBXResourcesBuildPhase section */
		520DD8A51F4A0AD800FC8CEB /* Resources */ = {
			isa = PBXResourcesBuildPhase;
			buildActionMask = 2147483647;
			files = (
				520DD8B21F4A0AD800FC8CEB /* Main.storyboard in Resources */,
				520DD8B71F4A0AD900FC8CEB /* LaunchScreen.xib in Resources */,
				520DD8B41F4A0AD800FC8CEB /* Images.xcassets in Resources */,
			);
			runOnlyForDeploymentPostprocessing = 0;
		};
		520DD8BA1F4A0AD900FC8CEB /* Resources */ = {
			isa = PBXResourcesBuildPhase;
			buildActionMask = 2147483647;
			files = (
			);
			runOnlyForDeploymentPostprocessing = 0;
		};
/* End PBXResourcesBuildPhase section */

/* Begin PBXSourcesBuildPhase section */
		520DD8A31F4A0AD800FC8CEB /* Sources */ = {
			isa = PBXSourcesBuildPhase;
			buildActionMask = 2147483647;
			files = (
				520DD8AF1F4A0AD800FC8CEB /* ViewController.swift in Sources */,
				520DD8AD1F4A0AD800FC8CEB /* AppDelegate.swift in Sources */,
			);
			runOnlyForDeploymentPostprocessing = 0;
		};
		520DD8B81F4A0AD900FC8CEB /* Sources */ = {
			isa = PBXSourcesBuildPhase;
			buildActionMask = 2147483647;
			files = (
				520DD8C31F4A0AD900FC8CEB /* vacationerTests.swift in Sources */,
			);
			runOnlyForDeploymentPostprocessing = 0;
		};
/* End PBXSourcesBuildPhase section */

/* Begin PBXTargetDependency section */
		520DD8BE1F4A0AD900FC8CEB /* PBXTargetDependency */ = {
			isa = PBXTargetDependency;
			target = 520DD8A61F4A0AD800FC8CEB /* vacationer */;
			targetProxy = 520DD8BD1F4A0AD900FC8CEB /* PBXContainerItemProxy */;
		};
/* End PBXTargetDependency section */

/* Begin PBXVariantGroup section */
		520DD8B01F4A0AD800FC8CEB /* Main.storyboard */ = {
			isa = PBXVariantGroup;
			children = (
				520DD8B11F4A0AD800FC8CEB /* Base */,
			);
			name = Main.storyboard;
			sourceTree = "<group>";
		};
		520DD8B51F4A0AD900FC8CEB /* LaunchScreen.xib */ = {
			isa = PBXVariantGroup;
			children = (
				520DD8B61F4A0AD900FC8CEB /* Base */,
			);
			name = LaunchScreen.xib;
			sourceTree = "<group>";
		};
/* End PBXVariantGroup section */

/* Begin XCBuildConfiguration section */
		520DD8C41F4A0AD900FC8CEB /* Debug */ = {
			isa = XCBuildConfiguration;
			buildSettings = {
				ALWAYS_SEARCH_USER_PATHS = NO;
				CLANG_CXX_LANGUAGE_STANDARD = "gnu++0x";
				CLANG_CXX_LIBRARY = "libc++";
				CLANG_ENABLE_MODULES = YES;
				CLANG_ENABLE_OBJC_ARC = YES;
				CLANG_WARN_BOOL_CONVERSION = YES;
				CLANG_WARN_CONSTANT_CONVERSION = YES;
				CLANG_WARN_DIRECT_OBJC_ISA_USAGE = YES_ERROR;
				CLANG_WARN_EMPTY_BODY = YES;
				CLANG_WARN_ENUM_CONVERSION = YES;
				CLANG_WARN_INT_CONVERSION = YES;
				CLANG_WARN_OBJC_ROOT_CLASS = YES_ERROR;
				CLANG_WARN_UNREACHABLE_CODE = YES;
				CLANG_WARN__DUPLICATE_METHOD_MATCH = YES;
				"CODE_SIGN_IDENTITY[sdk=iphoneos*]" = "iPhone Developer";
				COPY_PHASE_STRIP = NO;
				DEBUG_INFORMATION_FORMAT = "dwarf-with-dsym";
				ENABLE_STRICT_OBJC_MSGSEND = YES;
				GCC_C_LANGUAGE_STANDARD = gnu99;
				GCC_DYNAMIC_NO_PIC = NO;
				GCC_NO_COMMON_BLOCKS = YES;
				GCC_OPTIMIZATION_LEVEL = 0;
				GCC_PREPROCESSOR_DEFINITIONS = (
					"DEBUG=1",
					"$(inherited)",
				);
				GCC_SYMBOLS_PRIVATE_EXTERN = NO;
				GCC_WARN_64_TO_32_BIT_CONVERSION = YES;
				GCC_WARN_ABOUT_RETURN_TYPE = YES_ERROR;
				GCC_WARN_UNDECLARED_SELECTOR = YES;
				GCC_WARN_UNINITIALIZED_AUTOS = YES_AGGRESSIVE;
				GCC_WARN_UNUSED_FUNCTION = YES;
				GCC_WARN_UNUSED_VARIABLE = YES;
				IPHONEOS_DEPLOYMENT_TARGET = 8.4;
				MTL_ENABLE_DEBUG_INFO = YES;
				ONLY_ACTIVE_ARCH = YES;
				SDKROOT = iphoneos;
				SWIFT_OPTIMIZATION_LEVEL = "-Onone";
				TARGETED_DEVICE_FAMILY = "1,2";
			};
			name = Debug;
		};
		520DD8C51F4A0AD900FC8CEB /* Release */ = {
			isa = XCBuildConfiguration;
			buildSettings = {
				ALWAYS_SEARCH_USER_PATHS = NO;
				CLANG_CXX_LANGUAGE_STANDARD = "gnu++0x";
				CLANG_CXX_LIBRARY = "libc++";
				CLANG_ENABLE_MODULES = YES;
				CLANG_ENABLE_OBJC_ARC = YES;
				CLANG_WARN_BOOL_CONVERSION = YES;
				CLANG_WARN_CONSTANT_CONVERSION = YES;
				CLANG_WARN_DIRECT_OBJC_ISA_USAGE = YES_ERROR;
				CLANG_WARN_EMPTY_BODY = YES;
				CLANG_WARN_ENUM_CONVERSION = YES;
				CLANG_WARN_INT_CONVERSION = YES;
				CLANG_WARN_OBJC_ROOT_CLASS = YES_ERROR;
				CLANG_WARN_UNREACHABLE_CODE = YES;
				CLANG_WARN__DUPLICATE_METHOD_MATCH = YES;
				"CODE_SIGN_IDENTITY[sdk=iphoneos*]" = "iPhone Developer";
				COPY_PHASE_STRIP = NO;
				DEBUG_INFORMATION_FORMAT = "dwarf-with-dsym";
				ENABLE_NS_ASSERTIONS = NO;
				ENABLE_STRICT_OBJC_MSGSEND = YES;
				GCC_C_LANGUAGE_STANDARD = gnu99;
				GCC_NO_COMMON_BLOCKS = YES;
				GCC_WARN_64_TO_32_BIT_CONVERSION = YES;
				GCC_WARN_ABOUT_RETURN_TYPE = YES_ERROR;
				GCC_WARN_UNDECLARED_SELECTOR = YES;
				GCC_WARN_UNINITIALIZED_AUTOS = YES_AGGRESSIVE;
				GCC_WARN_UNUSED_FUNCTION = YES;
				GCC_WARN_UNUSED_VARIABLE = YES;
				IPHONEOS_DEPLOYMENT_TARGET = 8.4;
				MTL_ENABLE_DEBUG_INFO = NO;
				SDKROOT = iphoneos;
				TARGETED_DEVICE_FAMILY = "1,2";
				VALIDATE_PRODUCT = YES;
			};
			name = Release;
		};
		520DD8C71F4A0AD900FC8CEB /* Debug */ = {
			isa = XCBuildConfiguration;
			buildSettings = {
				ASSETCATALOG_COMPILER_APPICON_NAME = AppIcon;
				INFOPLIST_FILE = vacationer/Info.plist;
				LD_RUNPATH_SEARCH_PATHS = "$(inherited) @executable_path/Frameworks";
				PRODUCT_NAME = "$(TARGET_NAME)";
			};
			name = Debug;
		};
		520DD8C81F4A0AD900FC8CEB /* Release */ = {
			isa = XCBuildConfiguration;
			buildSettings = {
				ASSETCATALOG_COMPILER_APPICON_NAME = AppIcon;
				INFOPLIST_FILE = vacationer/Info.plist;
				LD_RUNPATH_SEARCH_PATHS = "$(inherited) @executable_path/Frameworks";
				PRODUCT_NAME = "$(TARGET_NAME)";
			};
			name = Release;
		};
		520DD8CA1F4A0AD900FC8CEB /* Debug */ = {
			isa = XCBuildConfiguration;
			buildSettings = {
				BUNDLE_LOADER = "$(TEST_HOST)";
				FRAMEWORK_SEARCH_PATHS = (
					"$(SDKROOT)/Developer/Library/Frameworks",
					"$(inherited)",
				);
				GCC_PREPROCESSOR_DEFINITIONS = (
					"DEBUG=1",
					"$(inherited)",
				);
				INFOPLIST_FILE = vacationerTests/Info.plist;
				LD_RUNPATH_SEARCH_PATHS = "$(inherited) @executable_path/Frameworks @loader_path/Frameworks";
				PRODUCT_NAME = "$(TARGET_NAME)";
				TEST_HOST = "$(BUILT_PRODUCTS_DIR)/vacationer.app/vacationer";
			};
			name = Debug;
		};
		520DD8CB1F4A0AD900FC8CEB /* Release */ = {
			isa = XCBuildConfiguration;
			buildSettings = {
				BUNDLE_LOADER = "$(TEST_HOST)";
				FRAMEWORK_SEARCH_PATHS = (
					"$(SDKROOT)/Developer/Library/Frameworks",
					"$(inherited)",
				);
				INFOPLIST_FILE = vacationerTests/Info.plist;
				LD_RUNPATH_SEARCH_PATHS = "$(inherited) @executable_path/Frameworks @loader_path/Frameworks";
				PRODUCT_NAME = "$(TARGET_NAME)";
				TEST_HOST = "$(BUILT_PRODUCTS_DIR)/vacationer.app/vacationer";
			};
			name = Release;
		};
/* End XCBuildConfiguration section */

/* Begin XCConfigurationList section */
		520DD8A21F4A0AD800FC8CEB /* Build configuration list for PBXProject "vacationer" */ = {
			isa = XCConfigurationList;
			buildConfigurations = (
				520DD8C41F4A0AD900FC8CEB /* Debug */,
				520DD8C51F4A0AD900FC8CEB /* Release */,
			);
			defaultConfigurationIsVisible = 0;
			defaultConfigurationName = Release;
		};
		520DD8C61F4A0AD900FC8CEB /* Build configuration list for PBXNativeTarget "vacationer" */ = {
			isa = XCConfigurationList;
			buildConfigurations = (
				520DD8C71F4A0AD900FC8CEB /* Debug */,
				520DD8C81F4A0AD900FC8CEB /* Release */,
			);
			defaultConfigurationIsVisible = 0;
		};
		520DD8C91F4A0AD900FC8CEB /* Build configuration list for PBXNativeTarget "vacationerTests" */ = {
			isa = XCConfigurationList;
			buildConfigurations = (
				520DD8CA1F4A0AD900FC8CEB /* Debug */,
				520DD8CB1F4A0AD900FC8CEB /* Release */,
			);
			defaultConfigurationIsVisible = 0;
		};
/* End XCConfigurationList section */
	};
	rootObject = 520DD89F1F4A0AD800FC8CEB /* Project object */;
}
